
Microsoft Visual Studio Solution File, Format Version 12.00
# Visual Studio 15
VisualStudioVersion = 15.0.28307.779
MinimumVisualStudioVersion = 10.0.40219.1
Project("{159641D6-6404-4A2A-AE62-294DE0FE8301}") = "Nominal", "Nominal\Nominal.dtproj", "{92514B9A-D354-4ACD-8247-EA78D7BD282B}"
EndProject
Global
	GlobalSection(SolutionConfigurationPlatforms) = preSolution
		Development|Default = Development|Default
	EndGlobalSection
	GlobalSection(ProjectConfigurationPlatforms) = postSolution
		{92514B9A-D354-4ACD-8247-EA78D7BD282B}.Development|Default.ActiveCfg = Development
		{92514B9A-D354-4ACD-8247-EA78D7BD282B}.Development|Default.Build.0 = Development
	EndGlobalSection
	GlobalSection(SolutionProperties) = preSolution
		HideSolutionNode = FALSE
	EndGlobalSection
	GlobalSection(ExtensibilityGlobals) = postSolution
		SolutionGuid = {E51EF919-4895-44D0-AD03-E1B17FD29879}
	EndGlobalSection
EndGlobal
